#MicroXplorer Configuration settings - do not modify
PB13.GPIOParameters=GPIO_Label
RCC.USART1Freq_Value=63000000
PC7.GPIOParameters=GPIO_Label
TIM1.IPParameters=AutoReloadPreload
SH.S_TIM1_ETR.0=TIM1_ETR,ClockSourceETR_Mode2
PA12\ [PA10].GPIO_Label=AM_FREQUENCY
PB14.GPIO_Label=DISPLAY_E
PC7.Locked=true
PD3.GPIOParameters=GPIO_Label
PD8.Locked=true
PC6.GPIO_Label=DISPLAY_A
VP_RTC_VS_RTC_Activate.Mode=RTC_Enabled
RCC.RTCFreq_Value=32768
PA6.GPIO_Label=LED_S1
PB6.GPIO_Label=FM_AM
PD0.Locked=true
PD4.Locked=true
PD2.GPIOParameters=GPIO_Label
PC15-OSC32_OUT\ (PC15).Mode=LSE-External-Oscillator
PB13.Signal=GPIO_Output
PD6.GPIO_Label=KD_OUT_3
PinOutPanel.RotationAngle=0
PF0-OSC_IN\ (PF0).Signal=RCC_OSC_IN
RCC.MCO1PinFreq_Value=63000000
RCC.SYSCLKSource=RCC_SYSCLKSOURCE_PLLCLK
PC14-OSC32_IN\ (PC14).Mode=LSE-External-Oscillator
PA12\ [PA10].Signal=S_TIM1_ETR
PD4.Signal=GPIO_Output
PB6.Signal=GPIO_Input
PC7.Signal=GPIO_Output
PD0.Signal=GPIO_Input
PD8.Signal=GPIO_Output
PC1.PinState=GPIO_PIN_SET
PB13.Locked=true
ProjectManager.ProjectBuild=false
PA0.Locked=true
PB2.Signal=GPIO_Output
PA8.Locked=true
PC1.GPIO_PuPd=GPIO_PULLUP
PD1.GPIOParameters=GPIO_Label
RCC.RTCClockSelection=RCC_RTCCLKSOURCE_LSE
PD1.GPIO_Label=KD_IN_3
TIM15.Period=17500
PB12.GPIO_Label=DISPLAY_G
PA12\ [PA10].GPIOParameters=GPIO_Label
ProjectManager.FirmwarePackage=STM32Cube FW_G0 V1.4.1
MxDb.Version=DB.6.0.21
PB0.GPIOParameters=GPIO_Label
ProjectManager.BackupPrevious=false
PC4.GPIO_Label=LED_S3
TIM15.Channel-PWM\ Generation2\ CH2=TIM_CHANNEL_2
PB1.GPIO_Label=LED_S6
PA0.Mode=IN0
PA8.Signal=GPIO_Output
RCC.PLLRCLKFreq_Value=63000000
PB6.Locked=true
NVIC.PendSV_IRQn=true\:0\:0\:false\:false\:true\:false\:false
VP_TIM15_VS_ClockSourceINT.Signal=TIM15_VS_ClockSourceINT
ProjectManager.HalAssertFull=false
ADC1.SamplingTime-0\#ChannelRegularConversion=ADC_SAMPLINGTIME_COMMON_1
PA0.Signal=ADC1_IN0
PC8.GPIOParameters=GPIO_Label
Mcu.Package=LQFP64
PB9.Signal=GPIO_Input
PB1.Signal=GPIO_Output
RCC.APBFreq_Value=63000000
PD5.GPIOParameters=GPIO_Label
VP_SYS_VS_Systick.Signal=SYS_VS_Systick
RCC.LSCOPinFreq_Value=32000
PA10.Signal=GPIO_Output
PB9.GPIO_PuPd=GPIO_PULLDOWN
PA12\ [PA10].Locked=true
PB14.GPIOParameters=GPIO_Label
RCC.PLLPoutputFreq_Value=126000000
VP_TIM14_VS_ClockSourceINT.Mode=Enable_Timer
TIM16.Prescaler=1000
TIM14.IPParameters=AutoReloadPreload,Period,Prescaler
PD5.Locked=true
NVIC.TIM15_IRQn=true\:0\:0\:false\:false\:true\:true\:true
ProjectManager.CustomerFirmwarePackage=
PC4.GPIOParameters=GPIO_Label
PA6.GPIOParameters=GPIO_Label
PD6.GPIOParameters=GPIO_Label
ProjectManager.ProjectFileName=dual-cr1750-stm32g070rbt.ioc
ADC1.Rank-0\#ChannelRegularConversion=1
PD9.GPIO_Label=DISPLAY_D3
PA15.GPIOParameters=GPIO_Label
Mcu.PinsNb=56
TIM3.AutoReloadPreload=TIM_AUTORELOAD_PRELOAD_ENABLE
ADC1.IPParameters=Rank-0\#ChannelRegularConversion,Channel-0\#ChannelRegularConversion,SamplingTime-0\#ChannelRegularConversion,NbrOfConversionFlag,master,SelectedChannel,Resolution,NbrOfConversion
PA9.GPIO_Label=DISPLAY_B
PB6.GPIO_PuPd=GPIO_PULLUP
PD3.Signal=GPIO_Input
PC6.Signal=GPIO_Output
PC2.Signal=S_TIM15_CH2
PD1.Signal=GPIO_Input
VP_TIM16_VS_ClockSourceINT.Mode=Enable_Timer
NVIC.TIM16_IRQn=true\:0\:0\:false\:false\:true\:true\:true
PC0.Signal=GPIO_Input
PB14.Locked=true
PF0-OSC_IN\ (PF0).Mode=HSE-External-Oscillator
VP_TIM6_VS_ClockSourceINT.Signal=TIM6_VS_ClockSourceINT
TIM1.AutoReloadPreload=TIM_AUTORELOAD_PRELOAD_ENABLE
PB8.GPIO_Label=STANDBY
PA15.Locked=true
PA8.GPIO_Label=DISPLAY_C
SH.S_TIM1_ETR.ConfNb=1
Mcu.Pin51=VP_TIM6_VS_ClockSourceINT
Mcu.Pin52=VP_TIM7_VS_ClockSourceINT
Mcu.Pin50=VP_SYS_VS_DBSignals
Mcu.Pin55=VP_TIM16_VS_ClockSourceINT
Mcu.Pin53=VP_TIM14_VS_ClockSourceINT
Mcu.Pin54=VP_TIM15_VS_ClockSourceINT
PC6.Locked=true
PA9.Signal=GPIO_Output
PB5.Locked=true
PB9.Locked=true
Mcu.Pin48=VP_RTC_VS_RTC_Activate
Mcu.Pin49=VP_SYS_VS_Systick
Mcu.Pin46=PB9
Mcu.Pin47=PC10
PB14.Signal=GPIO_Output
Mcu.Pin40=PB3
Mcu.Pin41=PB4
TIM15.Pulse-PWM\ Generation2\ CH2=200
Mcu.Pin44=PB7
Mcu.Pin45=PB8
Mcu.Pin42=PB5
Mcu.Pin43=PB6
ProjectManager.LastFirmware=true
SH.S_TIM15_CH2.ConfNb=1
NVIC.TIM3_IRQn=true\:0\:0\:false\:false\:true\:true\:true
Mcu.Pin37=PD4
PB4.GPIO_Label=KD_OUT_5
Mcu.Pin38=PD5
PB15.GPIO_Label=DISPLAY_D
Mcu.Pin35=PD2
RCC.I2C1Freq_Value=63000000
Mcu.Pin36=PD3
VP_SYS_VS_DBSignals.Signal=SYS_VS_DBSignals
Mcu.Pin39=PD6
Mcu.Pin30=PA15
Mcu.Pin33=PD0
TIM3.IPParameters=AutoReloadPreload
Mcu.Pin34=PD1
Mcu.Pin31=PC8
Mcu.Pin32=PC9
PA9.Locked=true
VP_TIM16_VS_ClockSourceINT.Signal=TIM16_VS_ClockSourceINT
NVIC.NonMaskableInt_IRQn=true\:0\:0\:false\:false\:true\:false\:true
PC10.GPIOParameters=GPIO_Label
PA13.Mode=Serial_Wire
ProjectManager.FreePins=false
PC9.GPIOParameters=GPIO_Label
Mcu.Pin26=PA11 [PA9]
Mcu.Pin27=PA12 [PA10]
TIM14.Prescaler=500
Mcu.Pin24=PD9
ProjectManager.UnderRoot=true
Mcu.Pin25=PA10
NVIC.TIM1_CC_IRQn=true\:0\:0\:false\:false\:true\:true\:true
Mcu.Pin28=PA13
PC7.GPIO_Label=DISPLAY_D5
Mcu.Pin29=PA14-BOOT0
PB4.Locked=true
RCC.APBTimFreq_Value=63000000
Mcu.Pin22=PC7
PB5.Signal=GPIO_Input
Mcu.Pin23=PD8
Mcu.Pin20=PA9
ADC1.master=1
Mcu.Pin21=PC6
PF1-OSC_OUT\ (PF1).Signal=RCC_OSC_OUT
PA10.Locked=true
NVIC.ForceEnableDMAVector=true
PB5.GPIO_PuPd=GPIO_PULLUP
ProjectManager.CompilerOptimize=6
ProjectManager.HeapSize=0x200
PA0.GPIOParameters=GPIO_Label
Mcu.Pin15=PB12
NVIC.HardFault_IRQn=true\:0\:0\:false\:false\:true\:false\:false
Mcu.Pin16=PB13
Mcu.Pin13=PB1
Mcu.Pin14=PB2
Mcu.Pin19=PA8
ProjectManager.ComputerToolchain=false
Mcu.Pin17=PB14
Mcu.Pin18=PB15
Mcu.Pin11=PC5
PD0.GPIOParameters=GPIO_Label
Mcu.Pin12=PB0
Mcu.Pin10=PC4
RCC.PWRFreq_Value=63000000
PD2.Signal=S_TIM3_ETR
PD1.Locked=true
PB0.Signal=GPIO_Output
PA7.GPIOParameters=GPIO_Label
NVIC.TIM1_BRK_UP_TRG_COM_IRQn=true\:0\:0\:false\:false\:true\:true\:true
PC0.Locked=true
PC1.Signal=GPIO_Output
PB12.GPIOParameters=GPIO_Label
PD2.GPIO_Label=FM_FREQUENCY
Mcu.Family=STM32G0
ProjectManager.MainLocation=Core/Src
TIM15.AutoReloadPreload=TIM_AUTORELOAD_PRELOAD_ENABLE
RCC.CortexFreq_Value=63000000
ProjectManager.KeepUserCode=true
Mcu.UserName=STM32G070RBTx
PD9.GPIOParameters=GPIO_Label
TIM14.AutoReloadPreload=TIM_AUTORELOAD_PRELOAD_ENABLE
PA11\ [PA9].GPIO_Label=DISPLAY_D1
PC10.Locked=true
PC10.Signal=GPIO_Output
PC5.Locked=true
PA0.GPIO_Label=FREQUENCY_CALIBRATION
PA14-BOOT0.Mode=Serial_Wire
ProjectManager.functionlistsort=1-MX_GPIO_Init-GPIO-false-HAL-true,2-SystemClock_Config-RCC-false-HAL-false,3-MX_ADC1_Init-ADC1-false-HAL-true,4-MX_TIM1_Init-TIM1-false-HAL-true,5-MX_TIM3_Init-TIM3-false-HAL-true,6-MX_TIM6_Init-TIM6-false-HAL-true,7-MX_TIM14_Init-TIM14-false-HAL-true,8-MX_TIM7_Init-TIM7-false-HAL-true,9-MX_RTC_Init-RTC-false-HAL-true,10-MX_TIM15_Init-TIM15-false-HAL-true,11-MX_TIM16_Init-TIM16-false-HAL-true
PA9.GPIOParameters=GPIO_Label
PC0.GPIOParameters=GPIO_PuPd,GPIO_Label
PD0.GPIO_Label=KD_IN_2
PC0.GPIO_Label=SCAN_STOP
PC9.Locked=true
PD6.Locked=true
PB0.GPIO_Label=LED_S5
RCC.USART2Freq_Value=63000000
PD2.Locked=true
NVIC.SVC_IRQn=true\:0\:0\:false\:false\:true\:false\:false
PC1.Locked=true
PB13.GPIO_Label=DISPLAY_F
PB15.Signal=GPIO_Output
ProjectManager.StackSize=0x400
PB5.GPIOParameters=GPIO_PuPd,GPIO_Label
SH.S_TIM15_CH2.0=TIM15_CH2,PWM Generation2 CH2
VP_TIM7_VS_ClockSourceINT.Mode=Enable_Timer
Mcu.IP4=SYS
RCC.FCLKCortexFreq_Value=63000000
Mcu.IP5=TIM1
Mcu.IP2=RCC
Mcu.IP3=RTC
PA15.GPIO_Label=DISPLAY_DP
PB4.GPIOParameters=GPIO_Label
Mcu.IP0=ADC1
Mcu.IP1=NVIC
Mcu.UserConstants=
PC1.GPIOParameters=PinState,GPIO_PuPd,GPIO_Label,GPIO_ModeDefaultOutputPP
TIM15.Prescaler=0
Mcu.ThirdPartyNb=0
RCC.HCLKFreq_Value=63000000
Mcu.IPNb=12
ADC1.Resolution=ADC_RESOLUTION_12B
ProjectManager.PreviousToolchain=
PD8.GPIOParameters=GPIO_Label
PA8.GPIOParameters=GPIO_Label
Mcu.Pin6=PC2
TIM7.Period=250
Mcu.Pin7=PA0
Mcu.Pin8=PA6
Mcu.Pin9=PA7
RCC.AHBFreq_Value=63000000
Mcu.Pin0=PC14-OSC32_IN (PC14)
Mcu.Pin1=PC15-OSC32_OUT (PC15)
PA14-BOOT0.Signal=SYS_SWCLK
GPIO.groupedBy=Group By Peripherals
Mcu.Pin2=PF0-OSC_IN (PF0)
Mcu.Pin3=PF1-OSC_OUT (PF1)
Mcu.Pin4=PC0
Mcu.Pin5=PC1
ADC1.Channel-0\#ChannelRegularConversion=ADC_CHANNEL_0
RCC.HSE_VALUE=16000000
PA11\ [PA9].GPIOParameters=GPIO_Label
Mcu.IP10=TIM15
TIM14.Period=1000
NVIC.SysTick_IRQn=true\:0\:0\:false\:false\:true\:false\:true
Mcu.IP11=TIM16
VP_TIM7_VS_ClockSourceINT.Signal=TIM7_VS_ClockSourceINT
RCC.VCOInputFreq_Value=4000000
File.Version=6
PA10.GPIO_Label=DISPLAY_D2
VP_SYS_VS_DBSignals.Mode=DisableDeadBatterySignals
PB3.GPIOParameters=GPIO_Label
PB7.Signal=GPIO_Output
PB8.Locked=true
TIM6.Period=900
PF1-OSC_OUT\ (PF1).Mode=HSE-External-Oscillator
PB6.GPIOParameters=GPIO_PuPd,GPIO_Label
PB0.Locked=true
ProjectManager.ProjectName=dual-cr1750-stm32g070rbt
SH.S_TIM3_ETR.ConfNb=1
PB7.GPIO_Label=CENTER_LED
ADC1.SelectedChannel=ADC_CHANNEL_0
PA6.Signal=GPIO_Output
PA7.Locked=true
RCC.EnbaleCSS=true
PD5.GPIO_Label=KD_OUT_2
ProjectManager.ToolChainLocation=
RCC.LSI_VALUE=32000
PA15.Signal=GPIO_Output
PB5.GPIO_Label=MANUAL
PC4.Locked=true
PC5.Signal=GPIO_Output
PD3.GPIO_Label=KD_IN_4
PC0.GPIO_PuPd=GPIO_PULLUP
PD6.Signal=GPIO_Output
NVIC.TIM7_IRQn=true\:0\:0\:false\:false\:true\:true\:true
PB15.Locked=true
PB3.Locked=true
PB4.Signal=GPIO_Output
PB3.GPIO_Label=KD_OUT_4
VP_RTC_VS_RTC_Activate.Signal=RTC_VS_RTC_Activate
RCC.PLLSourceVirtual=RCC_PLLSOURCE_HSE
NVIC.TIM14_IRQn=true\:0\:0\:false\:false\:true\:true\:true
PB8.GPIOParameters=GPIO_Label
PB9.GPIO_Label=STANDBY_VERSION
PC10.GPIO_Label=DISABLE_5V
VP_TIM14_VS_ClockSourceINT.Signal=TIM14_VS_ClockSourceINT
PC9.GPIO_Label=KD_IN_1
ProjectManager.NoMain=false
PC8.Signal=GPIO_Output
TIM6.Prescaler=1000
PC4.Signal=GPIO_Output
VP_TIM6_VS_ClockSourceINT.Mode=Enable_Timer
RCC.EXTERNAL_CLOCK_VALUE=48000
ProjectManager.DefaultFWLocation=true
PD5.Signal=GPIO_Output
PD9.Signal=GPIO_Output
PC15-OSC32_OUT\ (PC15).Signal=RCC_OSC32_OUT
PB12.Locked=true
ProjectManager.DeletePrevious=true
RCC.FamilyName=M
NVIC.TIM6_IRQn=true\:0\:0\:false\:false\:true\:true\:true
PD8.GPIO_Label=DISPLAY_D4
PB9.GPIOParameters=GPIO_PuPd,GPIO_Label
PC8.GPIO_Label=DISPLAY_ON
PA13.Signal=SYS_SWDIO
TIM6.IPParameters=Prescaler,Period
ProjectManager.TargetToolchain=STM32CubeIDE
PB7.GPIOParameters=GPIO_Label
PC5.GPIOParameters=GPIO_Label
PB2.GPIOParameters=GPIO_Label
RCC.I2S1Freq_Value=63000000
PC2.Locked=true
ProjectManager.RegisterCallBack=
PA11\ [PA9].Locked=true
TIM15.IPParameters=Prescaler,Period,AutoReloadPreload,Channel-PWM Generation2 CH2,Pulse-PWM Generation2 CH2
PD3.Locked=true
PB1.Locked=true
TIM7.Prescaler=275
board=custom
RCC.VCOOutputFreq_Value=252000000
TIM16.Period=900
TIM7.IPParameters=Prescaler,Period
MxCube.Version=6.2.1
PD4.GPIO_Label=KD_OUT_1
RCC.ADCFreq_Value=63000000
PC1.GPIO_Label=MUTING
PA10.GPIOParameters=GPIO_Label
PD4.GPIOParameters=GPIO_Label
VP_SYS_VS_Systick.Mode=SysTick
PB15.GPIOParameters=GPIO_Label
ADC1.NbrOfConversion=1
RCC.IPParameters=ADCFreq_Value,AHBFreq_Value,APBFreq_Value,APBTimFreq_Value,CortexFreq_Value,EXTERNAL_CLOCK_VALUE,EnbaleCSS,FCLKCortexFreq_Value,FamilyName,HCLKFreq_Value,HSE_VALUE,HSI_VALUE,I2C1Freq_Value,I2S1Freq_Value,LSCOPinFreq_Value,LSI_VALUE,MCO1PinFreq_Value,PLLM,PLLN,PLLPoutputFreq_Value,PLLR,PLLRCLKFreq_Value,PLLSourceVirtual,PWRFreq_Value,RTCClockSelection,RTCFreq_Value,SYSCLKFreq_VALUE,SYSCLKSource,USART1Freq_Value,USART2Freq_Value,VCOInputFreq_Value,VCOOutputFreq_Value
ProjectManager.AskForMigrate=true
Mcu.Name=STM32G070RBTx
PA11\ [PA9].Signal=GPIO_Output
SH.S_TIM3_ETR.0=TIM3_ETR,ClockSourceETR_Mode2
PB2.Locked=true
Mcu.IP8=TIM7
Mcu.IP9=TIM14
Mcu.IP6=TIM3
Mcu.IP7=TIM6
ProjectManager.CoupleFile=false
PB3.Signal=GPIO_Output
RCC.SYSCLKFreq_VALUE=63000000
PA7.GPIO_Label=LED_S2
KeepUserPlacement=false
PC5.GPIO_Label=LED_S4
PC14-OSC32_IN\ (PC14).Signal=RCC_OSC32_IN
VP_TIM15_VS_ClockSourceINT.Mode=Internal
PB2.GPIO_Label=LED_MAN
PC6.GPIOParameters=GPIO_Label
RCC.HSI_VALUE=16000000
PC1.GPIO_ModeDefaultOutputPP=GPIO_MODE_OUTPUT_PP
RCC.PLLR=RCC_PLLR_DIV4
ADC1.NbrOfConversionFlag=1
RCC.PLLM=RCC_PLLM_DIV4
RCC.PLLN=63
PB7.Locked=true
PB8.Signal=GPIO_Input
PC8.Locked=true
PC9.Signal=GPIO_Input
TIM16.IPParameters=Prescaler,Period
PD9.Locked=true
ProjectManager.DeviceId=STM32G070RBTx
PB12.Signal=GPIO_Output
ProjectManager.LibraryCopy=1
PB1.GPIOParameters=GPIO_Label
PA7.Signal=GPIO_Output
PA6.Locked=true
isbadioc=false
